
Microsoft Visual Studio Solution File, Format Version 12.00
# Visual Studio Version 16
VisualStudioVersion = 16.0.30011.22
MinimumVisualStudioVersion = 10.0.40219.1
Project("{FAE04EC0-301F-11D3-BF4B-00C04F79EFBC}") = "Pagina", "Pagina\Pagina.csproj", "{B3769C9E-9DB7-47B1-845F-5E03765EDE29}"
EndProject
Global
	GlobalSection(SolutionConfigurationPlatforms) = preSolution
		Debug|Any CPU = Debug|Any CPU
		Release|Any CPU = Release|Any CPU
	EndGlobalSection
	GlobalSection(ProjectConfigurationPlatforms) = postSolution
		{B3769C9E-9DB7-47B1-845F-5E03765EDE29}.Debug|Any CPU.ActiveCfg = Debug|Any CPU
		{B3769C9E-9DB7-47B1-845F-5E03765EDE29}.Debug|Any CPU.Build.0 = Debug|Any CPU
		{B3769C9E-9DB7-47B1-845F-5E03765EDE29}.Release|Any CPU.ActiveCfg = Release|Any CPU
		{B3769C9E-9DB7-47B1-845F-5E03765EDE29}.Release|Any CPU.Build.0 = Release|Any CPU
	EndGlobalSection
	GlobalSection(SolutionProperties) = preSolution
		HideSolutionNode = FALSE
	EndGlobalSection
	GlobalSection(ExtensibilityGlobals) = postSolution
		SolutionGuid = {09619785-D7E8-4096-B45A-B50CAAE3980F}
	EndGlobalSection
EndGlobal
